
Microsoft Visual Studio Solution File, Format Version 12.00
# Visual Studio Version 17
VisualStudioVersion = 17.2.32602.215
MinimumVisualStudioVersion = 10.0.40219.1
Project("{FAE04EC0-301F-11D3-BF4B-00C04F79EFBC}") = "Let's Speak", "Let's Speak.csproj", "{C2B39F6A-7428-4601-BFE6-6CA99DB51AA8}"
EndProject
Global
	GlobalSection(SolutionConfigurationPlatforms) = preSolution
		Debug|Any CPU = Debug|Any CPU
		Release|Any CPU = Release|Any CPU
	EndGlobalSection
	GlobalSection(ProjectConfigurationPlatforms) = postSolution
		{C2B39F6A-7428-4601-BFE6-6CA99DB51AA8}.Debug|Any CPU.ActiveCfg = Debug|Any CPU
		{C2B39F6A-7428-4601-BFE6-6CA99DB51AA8}.Debug|Any CPU.Build.0 = Debug|Any CPU
		{C2B39F6A-7428-4601-BFE6-6CA99DB51AA8}.Release|Any CPU.ActiveCfg = Release|Any CPU
		{C2B39F6A-7428-4601-BFE6-6CA99DB51AA8}.Release|Any CPU.Build.0 = Release|Any CPU
	EndGlobalSection
	GlobalSection(SolutionProperties) = preSolution
		HideSolutionNode = FALSE
	EndGlobalSection
	GlobalSection(ExtensibilityGlobals) = postSolution
		SolutionGuid = {BCAE088F-C17C-4658-ACA5-4C3BF1E49727}
	EndGlobalSection
EndGlobal
